
Microsoft Visual Studio Solution File, Format Version 12.00
# Visual Studio 15
VisualStudioVersion = 15.0.28307.489
MinimumVisualStudioVersion = 10.0.40219.1
Project("{9A19103F-16F7-4668-BE54-9A1E7A4F7556}") = "SyndicateAPI", "SyndicateAPI\SyndicateAPI.csproj", "{9621AA04-9C43-41A3-A334-8F47BD1FE715}"
EndProject
Project("{9A19103F-16F7-4668-BE54-9A1E7A4F7556}") = "SyndicateAPI.Domain", "SyndicateAPI.Domain\SyndicateAPI.Domain.csproj", "{EEE2C130-522C-4614-BAFF-E98FCB8120B8}"
EndProject
Project("{9A19103F-16F7-4668-BE54-9A1E7A4F7556}") = "SyndicateAPI.Storage", "SyndicateAPI.Storage\SyndicateAPI.Storage.csproj", "{8E24FE81-7E30-4F51-88F0-45BE3F703EAA}"
EndProject
Project("{9A19103F-16F7-4668-BE54-9A1E7A4F7556}") = "SyndicateAPI.BusinessLogic", "SyndicateAPI.BusinessLogic\SyndicateAPI.BusinessLogic.csproj", "{5B78C1FE-A09F-4879-AA81-E784BEB0E0BA}"
EndProject
Project("{FAE04EC0-301F-11D3-BF4B-00C04F79EFBC}") = "SyndicateAPI.Utils", "SyndicateAPI.Utils\SyndicateAPI.Utils.csproj", "{834C804E-0D65-4C43-8B70-5097FF09F019}"
EndProject
Global
	GlobalSection(SolutionConfigurationPlatforms) = preSolution
		Debug|Any CPU = Debug|Any CPU
		Release|Any CPU = Release|Any CPU
	EndGlobalSection
	GlobalSection(ProjectConfigurationPlatforms) = postSolution
		{9621AA04-9C43-41A3-A334-8F47BD1FE715}.Debug|Any CPU.ActiveCfg = Debug|Any CPU
		{9621AA04-9C43-41A3-A334-8F47BD1FE715}.Debug|Any CPU.Build.0 = Debug|Any CPU
		{9621AA04-9C43-41A3-A334-8F47BD1FE715}.Release|Any CPU.ActiveCfg = Release|Any CPU
		{9621AA04-9C43-41A3-A334-8F47BD1FE715}.Release|Any CPU.Build.0 = Release|Any CPU
		{EEE2C130-522C-4614-BAFF-E98FCB8120B8}.Debug|Any CPU.ActiveCfg = Debug|Any CPU
		{EEE2C130-522C-4614-BAFF-E98FCB8120B8}.Debug|Any CPU.Build.0 = Debug|Any CPU
		{EEE2C130-522C-4614-BAFF-E98FCB8120B8}.Release|Any CPU.ActiveCfg = Release|Any CPU
		{EEE2C130-522C-4614-BAFF-E98FCB8120B8}.Release|Any CPU.Build.0 = Release|Any CPU
		{8E24FE81-7E30-4F51-88F0-45BE3F703EAA}.Debug|Any CPU.ActiveCfg = Debug|Any CPU
		{8E24FE81-7E30-4F51-88F0-45BE3F703EAA}.Debug|Any CPU.Build.0 = Debug|Any CPU
		{8E24FE81-7E30-4F51-88F0-45BE3F703EAA}.Release|Any CPU.ActiveCfg = Release|Any CPU
		{8E24FE81-7E30-4F51-88F0-45BE3F703EAA}.Release|Any CPU.Build.0 = Release|Any CPU
		{5B78C1FE-A09F-4879-AA81-E784BEB0E0BA}.Debug|Any CPU.ActiveCfg = Debug|Any CPU
		{5B78C1FE-A09F-4879-AA81-E784BEB0E0BA}.Debug|Any CPU.Build.0 = Debug|Any CPU
		{5B78C1FE-A09F-4879-AA81-E784BEB0E0BA}.Release|Any CPU.ActiveCfg = Release|Any CPU
		{5B78C1FE-A09F-4879-AA81-E784BEB0E0BA}.Release|Any CPU.Build.0 = Release|Any CPU
		{834C804E-0D65-4C43-8B70-5097FF09F019}.Debug|Any CPU.ActiveCfg = Debug|Any CPU
		{834C804E-0D65-4C43-8B70-5097FF09F019}.Debug|Any CPU.Build.0 = Debug|Any CPU
		{834C804E-0D65-4C43-8B70-5097FF09F019}.Release|Any CPU.ActiveCfg = Release|Any CPU
		{834C804E-0D65-4C43-8B70-5097FF09F019}.Release|Any CPU.Build.0 = Release|Any CPU
	EndGlobalSection
	GlobalSection(SolutionProperties) = preSolution
		HideSolutionNode = FALSE
	EndGlobalSection
	GlobalSection(ExtensibilityGlobals) = postSolution
		SolutionGuid = {9816A872-56F5-4F47-94C6-8287954835C0}
	EndGlobalSection
EndGlobal
